
Microsoft Visual Studio Solution File, Format Version 12.00
Project("{FAE04EC0-301F-11D3-BF4B-00C04F79EFBC}") = "PhysX.Net", "PhysX.Net\PhysX.Net.csproj", "{0336D392-F598-48EE-97B1-8E678A73077D}"
EndProject
Global
	GlobalSection(SolutionConfigurationPlatforms) = preSolution
		Debug|Any CPU = Debug|Any CPU
		Release|Any CPU = Release|Any CPU
	EndGlobalSection
	GlobalSection(ProjectConfigurationPlatforms) = postSolution
		{0336D392-F598-48EE-97B1-8E678A73077D}.Debug|Any CPU.ActiveCfg = Debug|Any CPU
		{0336D392-F598-48EE-97B1-8E678A73077D}.Debug|Any CPU.Build.0 = Debug|Any CPU
		{0336D392-F598-48EE-97B1-8E678A73077D}.Release|Any CPU.ActiveCfg = Release|Any CPU
		{0336D392-F598-48EE-97B1-8E678A73077D}.Release|Any CPU.Build.0 = Release|Any CPU
	EndGlobalSection
EndGlobal
